github.com/Harkishen-Singh/compose v0.0.0-20210309133307-8a3113c43d31 h1:mEJJuZ+qWRNnUpp9F+J+syB/12dyFqL6tNf+z/mMJZ4=
github.com/Harkishen-Singh/compose v0.0.0-20210309133307-8a3113c43d31/go.mod h1:Z2U+aNSHtSJzNakZReH9DRXGV/DaWQ7LHUs3HKO6gkI=
github.com/onweru/compose v0.0.0-20210301150901-5c5213307e62/go.mod h1:tf1kQIBUcwJ/3mRFU5eiMrMvsDScVTK2IEFsZE3hZOc=
